
Microsoft Visual Studio Solution File, Format Version 12.00
# Visual Studio 15
VisualStudioVersion = 15.0.27703.1
MinimumVisualStudioVersion = 10.0.40219.1
Project("{2150E333-8FDC-42A3-9474-1A3956D46DE8}") = "1. Camada de Apresentação", "1. Camada de Apresentação", "{3FD6BF2D-5AB9-4D94-93FC-7F5C909C20AF}"
EndProject
Project("{2150E333-8FDC-42A3-9474-1A3956D46DE8}") = "2. Camada de Aplicação", "2. Camada de Aplicação", "{6D04063B-F15F-408B-8844-5FC260FB5683}"
EndProject
Project("{2150E333-8FDC-42A3-9474-1A3956D46DE8}") = "3. Camada de Dominio", "3. Camada de Dominio", "{7AB1AB7B-C5BD-48CC-9BD5-A6A9DF59F674}"
EndProject
Project("{2150E333-8FDC-42A3-9474-1A3956D46DE8}") = "4. Camada de Infraestrutura", "4. Camada de Infraestrutura", "{4B9BE512-6435-41A1-B052-C4C442D0EAA4}"
EndProject
Project("{2150E333-8FDC-42A3-9474-1A3956D46DE8}") = "4.1 Banco de dados", "4.1 Banco de dados", "{696959A5-1151-4673-8B44-23A9C375422E}"
EndProject
Project("{FAE04EC0-301F-11D3-BF4B-00C04F79EFBC}") = "Rafael.Salao.WinApp", "Rafael.Salao.WinApp\Rafael.Salao.WinApp.csproj", "{1ED7E6CC-D6B7-4A39-BC2D-2884ACEC2B69}"
EndProject
Project("{FAE04EC0-301F-11D3-BF4B-00C04F79EFBC}") = "Rafael.Salao.Dominio", "Rafael.Salao.Dominio\Rafael.Salao.Dominio.csproj", "{3FC1A4CE-172A-4CB5-8DDD-F07621AAE9EC}"
EndProject
Project("{FAE04EC0-301F-11D3-BF4B-00C04F79EFBC}") = "Rafael.Salao.Infra.Dados", "Rafael.Salao.Infra.Dados\Rafael.Salao.Infra.Dados.csproj", "{9BAE39C9-00B7-4265-9E05-CB591032E5A5}"
EndProject
Project("{2150E333-8FDC-42A3-9474-1A3956D46DE8}") = "Testes", "Testes", "{D60A5B09-FA5A-4642-B520-A32802BD14C5}"
EndProject
Project("{2150E333-8FDC-42A3-9474-1A3956D46DE8}") = "Solution Items", "Solution Items", "{9CCFB7A7-C1AD-46C7-8C7F-7B9400301469}"
	ProjectSection(SolutionItems) = preProject
		documentacao.zip = documentacao.zip
	EndProjectSection
EndProject
Project("{FAE04EC0-301F-11D3-BF4B-00C04F79EFBC}") = "Rafael.Salao.Testes.Dominio", "Rafael.Salao.Testes.Dominio\Rafael.Salao.Testes.Dominio.csproj", "{C84FE1DE-1074-40A5-91D7-2C5E14E48AD9}"
EndProject
Project("{2150E333-8FDC-42A3-9474-1A3956D46DE8}") = "Scripts", "Scripts", "{A9AC95A7-119A-4115-AF51-E49072D97E85}"
	ProjectSection(SolutionItems) = preProject
		Rafael.Salao.Infra.Dados\Scripts\scripts.sql = Rafael.Salao.Infra.Dados\Scripts\scripts.sql
	EndProjectSection
EndProject
Project("{FAE04EC0-301F-11D3-BF4B-00C04F79EFBC}") = "Rafael.Salao.Infra.Dados.Testes", "Rafael.Salao.Infra.Dados.Testes\Rafael.Salao.Infra.Dados.Testes.csproj", "{589B6AB7-730B-4219-98CE-7E7245B6A7DF}"
EndProject
Global
	GlobalSection(SolutionConfigurationPlatforms) = preSolution
		Debug|Any CPU = Debug|Any CPU
		Debug|x64 = Debug|x64
		Debug|x86 = Debug|x86
		Release|Any CPU = Release|Any CPU
		Release|x64 = Release|x64
		Release|x86 = Release|x86
	EndGlobalSection
	GlobalSection(ProjectConfigurationPlatforms) = postSolution
		{1ED7E6CC-D6B7-4A39-BC2D-2884ACEC2B69}.Debug|Any CPU.ActiveCfg = Debug|Any CPU
		{1ED7E6CC-D6B7-4A39-BC2D-2884ACEC2B69}.Debug|Any CPU.Build.0 = Debug|Any CPU
		{1ED7E6CC-D6B7-4A39-BC2D-2884ACEC2B69}.Debug|x64.ActiveCfg = Debug|Any CPU
		{1ED7E6CC-D6B7-4A39-BC2D-2884ACEC2B69}.Debug|x64.Build.0 = Debug|Any CPU
		{1ED7E6CC-D6B7-4A39-BC2D-2884ACEC2B69}.Debug|x86.ActiveCfg = Debug|x64
		{1ED7E6CC-D6B7-4A39-BC2D-2884ACEC2B69}.Debug|x86.Build.0 = Debug|x64
		{1ED7E6CC-D6B7-4A39-BC2D-2884ACEC2B69}.Release|Any CPU.ActiveCfg = Release|Any CPU
		{1ED7E6CC-D6B7-4A39-BC2D-2884ACEC2B69}.Release|Any CPU.Build.0 = Release|Any CPU
		{1ED7E6CC-D6B7-4A39-BC2D-2884ACEC2B69}.Release|x64.ActiveCfg = Release|x64
		{1ED7E6CC-D6B7-4A39-BC2D-2884ACEC2B69}.Release|x64.Build.0 = Release|x64
		{1ED7E6CC-D6B7-4A39-BC2D-2884ACEC2B69}.Release|x86.ActiveCfg = Release|Any CPU
		{1ED7E6CC-D6B7-4A39-BC2D-2884ACEC2B69}.Release|x86.Build.0 = Release|Any CPU
		{3FC1A4CE-172A-4CB5-8DDD-F07621AAE9EC}.Debug|Any CPU.ActiveCfg = Debug|Any CPU
		{3FC1A4CE-172A-4CB5-8DDD-F07621AAE9EC}.Debug|Any CPU.Build.0 = Debug|Any CPU
		{3FC1A4CE-172A-4CB5-8DDD-F07621AAE9EC}.Debug|x64.ActiveCfg = Debug|x64
		{3FC1A4CE-172A-4CB5-8DDD-F07621AAE9EC}.Debug|x64.Build.0 = Debug|x64
		{3FC1A4CE-172A-4CB5-8DDD-F07621AAE9EC}.Debug|x86.ActiveCfg = Debug|x64
		{3FC1A4CE-172A-4CB5-8DDD-F07621AAE9EC}.Debug|x86.Build.0 = Debug|x64
		{3FC1A4CE-172A-4CB5-8DDD-F07621AAE9EC}.Release|Any CPU.ActiveCfg = Release|Any CPU
		{3FC1A4CE-172A-4CB5-8DDD-F07621AAE9EC}.Release|Any CPU.Build.0 = Release|Any CPU
		{3FC1A4CE-172A-4CB5-8DDD-F07621AAE9EC}.Release|x64.ActiveCfg = Release|x64
		{3FC1A4CE-172A-4CB5-8DDD-F07621AAE9EC}.Release|x64.Build.0 = Release|x64
		{3FC1A4CE-172A-4CB5-8DDD-F07621AAE9EC}.Release|x86.ActiveCfg = Release|x86
		{3FC1A4CE-172A-4CB5-8DDD-F07621AAE9EC}.Release|x86.Build.0 = Release|x86
		{9BAE39C9-00B7-4265-9E05-CB591032E5A5}.Debug|Any CPU.ActiveCfg = Debug|Any CPU
		{9BAE39C9-00B7-4265-9E05-CB591032E5A5}.Debug|Any CPU.Build.0 = Debug|Any CPU
		{9BAE39C9-00B7-4265-9E05-CB591032E5A5}.Debug|x64.ActiveCfg = Debug|Any CPU
		{9BAE39C9-00B7-4265-9E05-CB591032E5A5}.Debug|x64.Build.0 = Debug|Any CPU
		{9BAE39C9-00B7-4265-9E05-CB591032E5A5}.Debug|x86.ActiveCfg = Debug|x64
		{9BAE39C9-00B7-4265-9E05-CB591032E5A5}.Debug|x86.Build.0 = Debug|x64
		{9BAE39C9-00B7-4265-9E05-CB591032E5A5}.Release|Any CPU.ActiveCfg = Release|Any CPU
		{9BAE39C9-00B7-4265-9E05-CB591032E5A5}.Release|Any CPU.Build.0 = Release|Any CPU
		{9BAE39C9-00B7-4265-9E05-CB591032E5A5}.Release|x64.ActiveCfg = Release|x64
		{9BAE39C9-00B7-4265-9E05-CB591032E5A5}.Release|x64.Build.0 = Release|x64
		{9BAE39C9-00B7-4265-9E05-CB591032E5A5}.Release|x86.ActiveCfg = Release|Any CPU
		{9BAE39C9-00B7-4265-9E05-CB591032E5A5}.Release|x86.Build.0 = Release|Any CPU
		{C84FE1DE-1074-40A5-91D7-2C5E14E48AD9}.Debug|Any CPU.ActiveCfg = Debug|Any CPU
		{C84FE1DE-1074-40A5-91D7-2C5E14E48AD9}.Debug|Any CPU.Build.0 = Debug|Any CPU
		{C84FE1DE-1074-40A5-91D7-2C5E14E48AD9}.Debug|x64.ActiveCfg = Debug|Any CPU
		{C84FE1DE-1074-40A5-91D7-2C5E14E48AD9}.Debug|x64.Build.0 = Debug|Any CPU
		{C84FE1DE-1074-40A5-91D7-2C5E14E48AD9}.Debug|x86.ActiveCfg = Debug|Any CPU
		{C84FE1DE-1074-40A5-91D7-2C5E14E48AD9}.Debug|x86.Build.0 = Debug|Any CPU
		{C84FE1DE-1074-40A5-91D7-2C5E14E48AD9}.Release|Any CPU.ActiveCfg = Release|Any CPU
		{C84FE1DE-1074-40A5-91D7-2C5E14E48AD9}.Release|Any CPU.Build.0 = Release|Any CPU
		{C84FE1DE-1074-40A5-91D7-2C5E14E48AD9}.Release|x64.ActiveCfg = Release|Any CPU
		{C84FE1DE-1074-40A5-91D7-2C5E14E48AD9}.Release|x64.Build.0 = Release|Any CPU
		{C84FE1DE-1074-40A5-91D7-2C5E14E48AD9}.Release|x86.ActiveCfg = Release|Any CPU
		{C84FE1DE-1074-40A5-91D7-2C5E14E48AD9}.Release|x86.Build.0 = Release|Any CPU
		{589B6AB7-730B-4219-98CE-7E7245B6A7DF}.Debug|Any CPU.ActiveCfg = Debug|Any CPU
		{589B6AB7-730B-4219-98CE-7E7245B6A7DF}.Debug|Any CPU.Build.0 = Debug|Any CPU
		{589B6AB7-730B-4219-98CE-7E7245B6A7DF}.Debug|x64.ActiveCfg = Debug|Any CPU
		{589B6AB7-730B-4219-98CE-7E7245B6A7DF}.Debug|x64.Build.0 = Debug|Any CPU
		{589B6AB7-730B-4219-98CE-7E7245B6A7DF}.Debug|x86.ActiveCfg = Debug|Any CPU
		{589B6AB7-730B-4219-98CE-7E7245B6A7DF}.Debug|x86.Build.0 = Debug|Any CPU
		{589B6AB7-730B-4219-98CE-7E7245B6A7DF}.Release|Any CPU.ActiveCfg = Release|Any CPU
		{589B6AB7-730B-4219-98CE-7E7245B6A7DF}.Release|Any CPU.Build.0 = Release|Any CPU
		{589B6AB7-730B-4219-98CE-7E7245B6A7DF}.Release|x64.ActiveCfg = Release|Any CPU
		{589B6AB7-730B-4219-98CE-7E7245B6A7DF}.Release|x64.Build.0 = Release|Any CPU
		{589B6AB7-730B-4219-98CE-7E7245B6A7DF}.Release|x86.ActiveCfg = Release|Any CPU
		{589B6AB7-730B-4219-98CE-7E7245B6A7DF}.Release|x86.Build.0 = Release|Any CPU
	EndGlobalSection
	GlobalSection(SolutionProperties) = preSolution
		HideSolutionNode = FALSE
	EndGlobalSection
	GlobalSection(NestedProjects) = preSolution
		{696959A5-1151-4673-8B44-23A9C375422E} = {4B9BE512-6435-41A1-B052-C4C442D0EAA4}
		{1ED7E6CC-D6B7-4A39-BC2D-2884ACEC2B69} = {3FD6BF2D-5AB9-4D94-93FC-7F5C909C20AF}
		{3FC1A4CE-172A-4CB5-8DDD-F07621AAE9EC} = {7AB1AB7B-C5BD-48CC-9BD5-A6A9DF59F674}
		{9BAE39C9-00B7-4265-9E05-CB591032E5A5} = {696959A5-1151-4673-8B44-23A9C375422E}
		{C84FE1DE-1074-40A5-91D7-2C5E14E48AD9} = {D60A5B09-FA5A-4642-B520-A32802BD14C5}
		{A9AC95A7-119A-4115-AF51-E49072D97E85} = {696959A5-1151-4673-8B44-23A9C375422E}
		{589B6AB7-730B-4219-98CE-7E7245B6A7DF} = {D60A5B09-FA5A-4642-B520-A32802BD14C5}
	EndGlobalSection
	GlobalSection(ExtensibilityGlobals) = postSolution
		SolutionGuid = {47EA0011-BBE7-4474-89FD-1FDB62464F38}
	EndGlobalSection
EndGlobal
